PODS:
  - FCFileManager (1.0.20)
  - Masonry (1.1.0)
  - RCCoreKit (0.0.1):
    - FCFileManager
    - SSZipArchive
    - YYModel
  - RCSceneChatroomKit (0.0.3):
    - Masonry
    - RCCoreKit
    - YYModel
  - SSZipArchive (2.4.3)
  - YYModel (1.0.4)

DEPENDENCIES:
  - RCSceneChatroomKit (from `../`)

SPEC REPOS:
  trunk:
    - FCFileManager
    - Masonry
    - RCCoreKit
    - SSZipArchive
    - YYModel

EXTERNAL SOURCES:
  RCSceneChatroomKit:
    :path: "../"

SPEC CHECKSUMS:
  FCFileManager: e0f73316e6aa2eb04d2ff4caa75fe7df1ae44270
  Masonry: 678fab65091a9290e40e2832a55e7ab731aad201
  RCCoreKit: 3f143441ac62880b454cca9066f526a27c45d4ce
  RCSceneChatroomKit: dd6784a8ec2c3164ed13fe1df4e99d380eb3659f
  SSZipArchive: fe6a26b2a54d5a0890f2567b5cc6de5caa600aef
  YYModel: 2a7fdd96aaa4b86a824e26d0c517de8928c04b30

PODFILE CHECKSUM: addef3ca6154cdb6bfd5011db89e16a58fefffcb

COCOAPODS: 1.11.3
